{
  "name": "rangelist",
  "version": "1.0.0",
  "lockfileVersion": 1,
  "requires": true,
  "dependencies": {
    "@flatten-js/interval-tree": {
      "version": "1.0.12",
      "resolved": "https://registry.npmjs.org/@flatten-js/interval-tree/-/interval-tree-1.0.12.tgz",
      "integrity": "sha512-j2o14WdFPII5cI57j0XNSWQm80gM4G6RT5+NLaH8q7KmQKejR/qZiGiViMjRgMtPiiwaX6hv3hlXeyRL3yzi7g=="
    }
  }
}
